// !$*UTF8*$!
{
	archiveVersion = 1;
	classes = {
	};
	objectVersion = 56;
	objects = {

/* Begin PBXBuildFile section */
		C82D484C29DC9298003C3EA5 /* User.swift in Sources */ = {isa = PBXBuildFile; fileRef = C82D484B29DC9298003C3EA5 /* User.swift */; };
		C82D484E29DC934A003C3EA5 /* Person.swift in Sources */ = {isa = PBXBuildFile; fileRef = C82D484D29DC934A003C3EA5 /* Person.swift */; };
		C82D485029DD6F71003C3EA5 /* TabBarControler.swift in Sources */ = {isa = PBXBuildFile; fileRef = C82D484F29DD6F70003C3EA5 /* TabBarControler.swift */; };
		C82D485229DD7C5A003C3EA5 /* InfoViewController.swift in Sources */ = {isa = PBXBuildFile; fileRef = C82D485129DD7C5A003C3EA5 /* InfoViewController.swift */; };
		C82D485429DD7C68003C3EA5 /* BioViewController.swift in Sources */ = {isa = PBXBuildFile; fileRef = C82D485329DD7C68003C3EA5 /* BioViewController.swift */; };
		C84C00A029D6181B00C47529 /* AppDelegate.swift in Sources */ = {isa = PBXBuildFile; fileRef = C84C009F29D6181B00C47529 /* AppDelegate.swift */; };
		C84C00A229D6181B00C47529 /* SceneDelegate.swift in Sources */ = {isa = PBXBuildFile; fileRef = C84C00A129D6181B00C47529 /* SceneDelegate.swift */; };
		C84C00A429D6181B00C47529 /* LoginViewController.swift in Sources */ = {isa = PBXBuildFile; fileRef = C84C00A329D6181B00C47529 /* LoginViewController.swift */; };
		C84C00A729D6181B00C47529 /* Main.storyboard in Resources */ = {isa = PBXBuildFile; fileRef = C84C00A529D6181B00C47529 /* Main.storyboard */; };
		C84C00A929D6181C00C47529 /* Assets.xcassets in Resources */ = {isa = PBXBuildFile; fileRef = C84C00A829D6181C00C47529 /* Assets.xcassets */; };
		C84C00AC29D6181C00C47529 /* LaunchScreen.storyboard in Resources */ = {isa = PBXBuildFile; fileRef = C84C00AA29D6181C00C47529 /* LaunchScreen.storyboard */; };
		C84C00B429D6BF8900C47529 /* WelcomeViewController.swift in Sources */ = {isa = PBXBuildFile; fileRef = C84C00B329D6BF8900C47529 /* WelcomeViewController.swift */; };
/* End PBXBuildFile section */

/* Begin PBXFileReference section */
		C82D484B29DC9298003C3EA5 /* User.swift */ = {isa = PBXFileReference; lastKnownFileType = sourcecode.swift; path = User.swift; sourceTree = "<group>"; };
		C82D484D29DC934A003C3EA5 /* Person.swift */ = {isa = PBXFileReference; lastKnownFileType = sourcecode.swift; path = Person.swift; sourceTree = "<group>"; };
		C82D484F29DD6F70003C3EA5 /* TabBarControler.swift */ = {isa = PBXFileReference; lastKnownFileType = sourcecode.swift; path = TabBarControler.swift; sourceTree = "<group>"; };
		C82D485129DD7C5A003C3EA5 /* InfoViewController.swift */ = {isa = PBXFileReference; lastKnownFileType = sourcecode.swift; path = InfoViewController.swift; sourceTree = "<group>"; };
		C82D485329DD7C68003C3EA5 /* BioViewController.swift */ = {isa = PBXFileReference; lastKnownFileType = sourcecode.swift; path = BioViewController.swift; sourceTree = "<group>"; };
		C84C009C29D6181B00C47529 /* LoginApp.app */ = {isa = PBXFileReference; explicitFileType = wrapper.application; includeInIndex = 0; path = LoginApp.app; sourceTree = BUILT_PRODUCTS_DIR; };
		C84C009F29D6181B00C47529 /* AppDelegate.swift */ = {isa = PBXFileReference; lastKnownFileType = sourcecode.swift; path = AppDelegate.swift; sourceTree = "<group>"; };
		C84C00A129D6181B00C47529 /* SceneDelegate.swift */ = {isa = PBXFileReference; lastKnownFileType = sourcecode.swift; path = SceneDelegate.swift; sourceTree = "<group>"; };
		C84C00A329D6181B00C47529 /* LoginViewController.swift */ = {isa = PBXFileReference; lastKnownFileType = sourcecode.swift; path = LoginViewController.swift; sourceTree = "<group>"; };
		C84C00A629D6181B00C47529 /* Base */ = {isa = PBXFileReference; lastKnownFileType = file.storyboard; name = Base; path = Base.lproj/Main.storyboard; sourceTree = "<group>"; };
		C84C00A829D6181C00C47529 /* Assets.xcassets */ = {isa = PBXFileReference; lastKnownFileType = folder.assetcatalog; path = Assets.xcassets; sourceTree = "<group>"; };
		C84C00AB29D6181C00C47529 /* Base */ = {isa = PBXFileReference; lastKnownFileType = file.storyboard; name = Base; path = Base.lproj/LaunchScreen.storyboard; sourceTree = "<group>"; };
		C84C00AD29D6181C00C47529 /* Info.plist */ = {isa = PBXFileReference; lastKnownFileType = text.plist.xml; path = Info.plist; sourceTree = "<group>"; };
		C84C00B329D6BF8900C47529 /* WelcomeViewController.swift */ = {isa = PBXFileReference; lastKnownFileType = sourcecode.swift; path = WelcomeViewController.swift; sourceTree = "<group>"; };
/* End PBXFileReference section */

/* Begin PBXFrameworksBuildPhase section */
		C84C009929D6181B00C47529 /* Frameworks */ = {
			isa = PBXFrameworksBuildPhase;
			buildActionMask = 2147483647;
			files = (
			);
			runOnlyForDeploymentPostprocessing = 0;
		};
/* End PBXFrameworksBuildPhase section */

/* Begin PBXGroup section */
		C82D484629DC8FA6003C3EA5 /* App */ = {
			isa = PBXGroup;
			children = (
				C84C009F29D6181B00C47529 /* AppDelegate.swift */,
				C84C00A129D6181B00C47529 /* SceneDelegate.swift */,
				C84C00AD29D6181C00C47529 /* Info.plist */,
			);
			path = App;
			sourceTree = "<group>";
		};
		C82D484729DC8FF9003C3EA5 /* Storyboards */ = {
			isa = PBXGroup;
			children = (
				C84C00A529D6181B00C47529 /* Main.storyboard */,
				C84C00AA29D6181C00C47529 /* LaunchScreen.storyboard */,
			);
			path = Storyboards;
			sourceTree = "<group>";
		};
		C82D484829DC9020003C3EA5 /* ViewControllers  */ = {
			isa = PBXGroup;
			children = (
				C84C00A329D6181B00C47529 /* LoginViewController.swift */,
				C82D484F29DD6F70003C3EA5 /* TabBarControler.swift */,
				C82D485129DD7C5A003C3EA5 /* InfoViewController.swift */,
				C82D485329DD7C68003C3EA5 /* BioViewController.swift */,
				C84C00B329D6BF8900C47529 /* WelcomeViewController.swift */,
			);
			path = "ViewControllers ";
			sourceTree = "<group>";
		};
		C82D484A29DC9275003C3EA5 /* Models */ = {
			isa = PBXGroup;
			children = (
				C82D484B29DC9298003C3EA5 /* User.swift */,
				C82D484D29DC934A003C3EA5 /* Person.swift */,
			);
			path = Models;
			sourceTree = "<group>";
		};
		C84C009329D6181B00C47529 = {
			isa = PBXGroup;
			children = (
				C84C009E29D6181B00C47529 /* LoginApp */,
				C84C009D29D6181B00C47529 /* Products */,
			);
			sourceTree = "<group>";
		};
		C84C009D29D6181B00C47529 /* Products */ = {
			isa = PBXGroup;
			children = (
				C84C009C29D6181B00C47529 /* LoginApp.app */,
			);
			name = Products;
			sourceTree = "<group>";
		};
		C84C009E29D6181B00C47529 /* LoginApp */ = {
			isa = PBXGroup;
			children = (
				C82D484A29DC9275003C3EA5 /* Models */,
				C82D484829DC9020003C3EA5 /* ViewControllers  */,
				C82D484729DC8FF9003C3EA5 /* Storyboards */,
				C84C00A829D6181C00C47529 /* Assets.xcassets */,
				C82D484629DC8FA6003C3EA5 /* App */,
			);
			path = LoginApp;
			sourceTree = "<group>";
		};
/* End PBXGroup section */

/* Begin PBXNativeTarget section */
		C84C009B29D6181B00C47529 /* LoginApp */ = {
			isa = PBXNativeTarget;
			buildConfigurationList = C84C00B029D6181C00C47529 /* Build configuration list for PBXNativeTarget "LoginApp" */;
			buildPhases = (
				C84C009829D6181B00C47529 /* Sources */,
				C84C009929D6181B00C47529 /* Frameworks */,
				C84C009A29D6181B00C47529 /* Resources */,
			);
			buildRules = (
			);
			dependencies = (
			);
			name = LoginApp;
			productName = LoginApp;
			productReference = C84C009C29D6181B00C47529 /* LoginApp.app */;
			productType = "com.apple.product-type.application";
		};
/* End PBXNativeTarget section */

/* Begin PBXProject section */
		C84C009429D6181B00C47529 /* Project object */ = {
			isa = PBXProject;
			attributes = {
				BuildIndependentTargetsInParallel = 1;
				LastSwiftUpdateCheck = 1410;
				LastUpgradeCheck = 1410;
				TargetAttributes = {
					C84C009B29D6181B00C47529 = {
						CreatedOnToolsVersion = 14.1;
					};
				};
			};
			buildConfigurationList = C84C009729D6181B00C47529 /* Build configuration list for PBXProject "LoginApp" */;
			compatibilityVersion = "Xcode 14.0";
			developmentRegion = en;
			hasScannedForEncodings = 0;
			knownRegions = (
				en,
				Base,
			);
			mainGroup = C84C009329D6181B00C47529;
			productRefGroup = C84C009D29D6181B00C47529 /* Products */;
			projectDirPath = "";
			projectRoot = "";
			targets = (
				C84C009B29D6181B00C47529 /* LoginApp */,
			);
		};
/* End PBXProject section */

/* Begin PBXResourcesBuildPhase section */
		C84C009A29D6181B00C47529 /* Resources */ = {
			isa = PBXResourcesBuildPhase;
			buildActionMask = 2147483647;
			files = (
				C84C00AC29D6181C00C47529 /* LaunchScreen.storyboard in Resources */,
				C84C00A929D6181C00C47529 /* Assets.xcassets in Resources */,
				C84C00A729D6181B00C47529 /* Main.storyboard in Resources */,
			);
			runOnlyForDeploymentPostprocessing = 0;
		};
/* End PBXResourcesBuildPhase section */

/* Begin PBXSourcesBuildPhase section */
		C84C009829D6181B00C47529 /* Sources */ = {
			isa = PBXSourcesBuildPhase;
			buildActionMask = 2147483647;
			files = (
				C82D484E29DC934A003C3EA5 /* Person.swift in Sources */,
				C84C00A429D6181B00C47529 /* LoginViewController.swift in Sources */,
				C84C00A029D6181B00C47529 /* AppDelegate.swift in Sources */,
				C82D485029DD6F71003C3EA5 /* TabBarControler.swift in Sources */,
				C84C00A229D6181B00C47529 /* SceneDelegate.swift in Sources */,
				C82D484C29DC9298003C3EA5 /* User.swift in Sources */,
				C82D485229DD7C5A003C3EA5 /* InfoViewController.swift in Sources */,
				C84C00B429D6BF8900C47529 /* WelcomeViewController.swift in Sources */,
				C82D485429DD7C68003C3EA5 /* BioViewController.swift in Sources */,
			);
			runOnlyForDeploymentPostprocessing = 0;
		};
/* End PBXSourcesBuildPhase section */

/* Begin PBXVariantGroup section */
		C84C00A529D6181B00C47529 /* Main.storyboard */ = {
			isa = PBXVariantGroup;
			children = (
				C84C00A629D6181B00C47529 /* Base */,
			);
			name = Main.storyboard;
			sourceTree = "<group>";
		};
		C84C00AA29D6181C00C47529 /* LaunchScreen.storyboard */ = {
			isa = PBXVariantGroup;
			children = (
				C84C00AB29D6181C00C47529 /* Base */,
			);
			name = LaunchScreen.storyboard;
			sourceTree = "<group>";
		};
/* End PBXVariantGroup section */

/* Begin XCBuildConfiguration section */
		C84C00AE29D6181C00C47529 /* Debug */ = {
			isa = XCBuildConfiguration;
			buildSettings = {
				ALWAYS_SEARCH_USER_PATHS = NO;
				CLANG_ANALYZER_NONNULL = YES;
				CLANG_ANALYZER_NUMBER_OBJECT_CONVERSION = YES_AGGRESSIVE;
				CLANG_CXX_LANGUAGE_STANDARD = "gnu++20";
				CLANG_ENABLE_MODULES = YES;
				CLANG_ENABLE_OBJC_ARC = YES;
				CLANG_ENABLE_OBJC_WEAK = YES;
				CLANG_WARN_BLOCK_CAPTURE_AUTORELEASING = YES;
				CLANG_WARN_BOOL_CONVERSION = YES;
				CLANG_WARN_COMMA = YES;
				CLANG_WARN_CONSTANT_CONVERSION = YES;
				CLANG_WARN_DEPRECATED_OBJC_IMPLEMENTATIONS = YES;
				CLANG_WARN_DIRECT_OBJC_ISA_USAGE = YES_ERROR;
				CLANG_WARN_DOCUMENTATION_COMMENTS = YES;
				CLANG_WARN_EMPTY_BODY = YES;
				CLANG_WARN_ENUM_CONVERSION = YES;
				CLANG_WARN_INFINITE_RECURSION = YES;
				CLANG_WARN_INT_CONVERSION = YES;
				CLANG_WARN_NON_LITERAL_NULL_CONVERSION = YES;
				CLANG_WARN_OBJC_IMPLICIT_RETAIN_SELF = YES;
				CLANG_WARN_OBJC_LITERAL_CONVERSION = YES;
				CLANG_WARN_OBJC_ROOT_CLASS = YES_ERROR;
				CLANG_WARN_QUOTED_INCLUDE_IN_FRAMEWORK_HEADER = YES;
				CLANG_WARN_RANGE_LOOP_ANALYSIS = YES;
				CLANG_WARN_STRICT_PROTOTYPES = YES;
				CLANG_WARN_SUSPICIOUS_MOVE = YES;
				CLANG_WARN_UNGUARDED_AVAILABILITY = YES_AGGRESSIVE;
				CLANG_WARN_UNREACHABLE_CODE = YES;
				CLANG_WARN__DUPLICATE_METHOD_MATCH = YES;
				COPY_PHASE_STRIP = NO;
				DEBUG_INFORMATION_FORMAT = dwarf;
				ENABLE_STRICT_OBJC_MSGSEND = YES;
				ENABLE_TESTABILITY = YES;
				GCC_C_LANGUAGE_STANDARD = gnu11;
				GCC_DYNAMIC_NO_PIC = NO;
				GCC_NO_COMMON_BLOCKS = YES;
				GCC_OPTIMIZATION_LEVEL = 0;
				GCC_PREPROCESSOR_DEFINITIONS = (
					"DEBUG=1",
					"$(inherited)",
				);
				GCC_WARN_64_TO_32_BIT_CONVERSION = YES;
				GCC_WARN_ABOUT_RETURN_TYPE = YES_ERROR;
				GCC_WARN_UNDECLARED_SELECTOR = YES;
				GCC_WARN_UNINITIALIZED_AUTOS = YES_AGGRESSIVE;
				GCC_WARN_UNUSED_FUNCTION = YES;
				GCC_WARN_UNUSED_VARIABLE = YES;
				IPHONEOS_DEPLOYMENT_TARGET = 16.1;
				MTL_ENABLE_DEBUG_INFO = INCLUDE_SOURCE;
				MTL_FAST_MATH = YES;
				ONLY_ACTIVE_ARCH = YES;
				SDKROOT = iphoneos;
				SWIFT_ACTIVE_COMPILATION_CONDITIONS = DEBUG;
				SWIFT_OPTIMIZATION_LEVEL = "-Onone";
			};
			name = Debug;
		};
		C84C00AF29D6181C00C47529 /* Release */ = {
			isa = XCBuildConfiguration;
			buildSettings = {
				ALWAYS_SEARCH_USER_PATHS = NO;
				CLANG_ANALYZER_NONNULL = YES;
				CLANG_ANALYZER_NUMBER_OBJECT_CONVERSION = YES_AGGRESSIVE;
				CLANG_CXX_LANGUAGE_STANDARD = "gnu++20";
				CLANG_ENABLE_MODULES = YES;
				CLANG_ENABLE_OBJC_ARC = YES;
				CLANG_ENABLE_OBJC_WEAK = YES;
				CLANG_WARN_BLOCK_CAPTURE_AUTORELEASING = YES;
				CLANG_WARN_BOOL_CONVERSION = YES;
				CLANG_WARN_COMMA = YES;
				CLANG_WARN_CONSTANT_CONVERSION = YES;
				CLANG_WARN_DEPRECATED_OBJC_IMPLEMENTATIONS = YES;
				CLANG_WARN_DIRECT_OBJC_ISA_USAGE = YES_ERROR;
				CLANG_WARN_DOCUMENTATION_COMMENTS = YES;
				CLANG_WARN_EMPTY_BODY = YES;
				CLANG_WARN_ENUM_CONVERSION = YES;
				CLANG_WARN_INFINITE_RECURSION = YES;
				CLANG_WARN_INT_CONVERSION = YES;
				CLANG_WARN_NON_LITERAL_NULL_CONVERSION = YES;
				CLANG_WARN_OBJC_IMPLICIT_RETAIN_SELF = YES;
				CLANG_WARN_OBJC_LITERAL_CONVERSION = YES;
				CLANG_WARN_OBJC_ROOT_CLASS = YES_ERROR;
				CLANG_WARN_QUOTED_INCLUDE_IN_FRAMEWORK_HEADER = YES;
				CLANG_WARN_RANGE_LOOP_ANALYSIS = YES;
				CLANG_WARN_STRICT_PROTOTYPES = YES;
				CLANG_WARN_SUSPICIOUS_MOVE = YES;
				CLANG_WARN_UNGUARDED_AVAILABILITY = YES_AGGRESSIVE;
				CLANG_WARN_UNREACHABLE_CODE = YES;
				CLANG_WARN__DUPLICATE_METHOD_MATCH = YES;
				COPY_PHASE_STRIP = NO;
				DEBUG_INFORMATION_FORMAT = "dwarf-with-dsym";
				ENABLE_NS_ASSERTIONS = NO;
				ENABLE_STRICT_OBJC_MSGSEND = YES;
				GCC_C_LANGUAGE_STANDARD = gnu11;
				GCC_NO_COMMON_BLOCKS = YES;
				GCC_WARN_64_TO_32_BIT_CONVERSION = YES;
				GCC_WARN_ABOUT_RETURN_TYPE = YES_ERROR;
				GCC_WARN_UNDECLARED_SELECTOR = YES;
				GCC_WARN_UNINITIALIZED_AUTOS = YES_AGGRESSIVE;
				GCC_WARN_UNUSED_FUNCTION = YES;
				GCC_WARN_UNUSED_VARIABLE = YES;
				IPHONEOS_DEPLOYMENT_TARGET = 16.1;
				MTL_ENABLE_DEBUG_INFO = NO;
				MTL_FAST_MATH = YES;
				SDKROOT = iphoneos;
				SWIFT_COMPILATION_MODE = wholemodule;
				SWIFT_OPTIMIZATION_LEVEL = "-O";
				VALIDATE_PRODUCT = YES;
			};
			name = Release;
		};
		C84C00B129D6181C00C47529 /* Debug */ = {
			isa = XCBuildConfiguration;
			buildSettings = {
				ASSETCATALOG_COMPILER_APPICON_NAME = AppIcon;
				ASSETCATALOG_COMPILER_GLOBAL_ACCENT_COLOR_NAME = AccentColor;
				CODE_SIGN_STYLE = Automatic;
				CURRENT_PROJECT_VERSION = 1;
				DEVELOPMENT_TEAM = ML94J3D5JQ;
				GENERATE_INFOPLIST_FILE = YES;
				INFOPLIST_FILE = LoginApp/Info.plist;
				INFOPLIST_KEY_UIApplicationSupportsIndirectInputEvents = YES;
				INFOPLIST_KEY_UILaunchStoryboardName = LaunchScreen;
				INFOPLIST_KEY_UIMainStoryboardFile = Main;
				INFOPLIST_KEY_UISupportedInterfaceOrientations = UIInterfaceOrientationPortrait;
				INFOPLIST_KEY_UISupportedInterfaceOrientations_iPad = "UIInterfaceOrientationLandscapeLeft UIInterfaceOrientationLandscapeRight UIInterfaceOrientationPortrait UIInterfaceOrientationPortraitUpsideDown";
				LD_RUNPATH_SEARCH_PATHS = (
					"$(inherited)",
					"@executable_path/Frameworks",
				);
				MARKETING_VERSION = 1.0;
				PRODUCT_BUNDLE_IDENTIFIER = "Denis-Kitaev.LoginApp";
				PRODUCT_NAME = "$(TARGET_NAME)";
				SUPPORTED_PLATFORMS = "iphoneos iphonesimulator";
				SUPPORTS_MACCATALYST = NO;
				SUPPORTS_MAC_DESIGNED_FOR_IPHONE_IPAD = NO;
				SWIFT_EMIT_LOC_STRINGS = YES;
				SWIFT_VERSION = 5.0;
				TARGETED_DEVICE_FAMILY = 1;
			};
			name = Debug;
		};
		C84C00B229D6181C00C47529 /* Release */ = {
			isa = XCBuildConfiguration;
			buildSettings = {
				ASSETCATALOG_COMPILER_APPICON_NAME = AppIcon;
				ASSETCATALOG_COMPILER_GLOBAL_ACCENT_COLOR_NAME = AccentColor;
				CODE_SIGN_STYLE = Automatic;
				CURRENT_PROJECT_VERSION = 1;
				DEVELOPMENT_TEAM = ML94J3D5JQ;
				GENERATE_INFOPLIST_FILE = YES;
				INFOPLIST_FILE = LoginApp/Info.plist;
				INFOPLIST_KEY_UIApplicationSupportsIndirectInputEvents = YES;
				INFOPLIST_KEY_UILaunchStoryboardName = LaunchScreen;
				INFOPLIST_KEY_UIMainStoryboardFile = Main;
				INFOPLIST_KEY_UISupportedInterfaceOrientations = UIInterfaceOrientationPortrait;
				INFOPLIST_KEY_UISupportedInterfaceOrientations_iPad = "UIInterfaceOrientationLandscapeLeft UIInterfaceOrientationLandscapeRight UIInterfaceOrientationPortrait UIInterfaceOrientationPortraitUpsideDown";
				LD_RUNPATH_SEARCH_PATHS = (
					"$(inherited)",
					"@executable_path/Frameworks",
				);
				MARKETING_VERSION = 1.0;
				PRODUCT_BUNDLE_IDENTIFIER = "Denis-Kitaev.LoginApp";
				PRODUCT_NAME = "$(TARGET_NAME)";
				SUPPORTED_PLATFORMS = "iphoneos iphonesimulator";
				SUPPORTS_MACCATALYST = NO;
				SUPPORTS_MAC_DESIGNED_FOR_IPHONE_IPAD = NO;
				SWIFT_EMIT_LOC_STRINGS = YES;
				SWIFT_VERSION = 5.0;
				TARGETED_DEVICE_FAMILY = 1;
			};
			name = Release;
		};
/* End XCBuildConfiguration section */

/* Begin XCConfigurationList section */
		C84C009729D6181B00C47529 /* Build configuration list for PBXProject "LoginApp" */ = {
			isa = XCConfigurationList;
			buildConfigurations = (
				C84C00AE29D6181C00C47529 /* Debug */,
				C84C00AF29D6181C00C47529 /* Release */,
			);
			defaultConfigurationIsVisible = 0;
			defaultConfigurationName = Release;
		};
		C84C00B029D6181C00C47529 /* Build configuration list for PBXNativeTarget "LoginApp" */ = {
			isa = XCConfigurationList;
			buildConfigurations = (
				C84C00B129D6181C00C47529 /* Debug */,
				C84C00B229D6181C00C47529 /* Release */,
			);
			defaultConfigurationIsVisible = 0;
			defaultConfigurationName = Release;
		};
/* End XCConfigurationList section */
	};
	rootObject = C84C009429D6181B00C47529 /* Project object */;
}
